
Microsoft Visual Studio Solution File, Format Version 12.00
# Visual Studio Version 16
VisualStudioVersion = 16.0.30804.86
MinimumVisualStudioVersion = 10.0.40219.1
Project("{FAE04EC0-301F-11D3-BF4B-00C04F79EFBC}") = "S01FirstMenuCommand", "S01FirstMenuCommand.csproj", "{3295B594-670A-4E73-82F7-EEF868127266}"
EndProject
Global
	GlobalSection(SolutionConfigurationPlatforms) = preSolution
		Debug|Any CPU = Debug|Any CPU
		Release|Any CPU = Release|Any CPU
	EndGlobalSection
	GlobalSection(ProjectConfigurationPlatforms) = postSolution
		{3295B594-670A-4E73-82F7-EEF868127266}.Debug|Any CPU.ActiveCfg = Debug|Any CPU
		{3295B594-670A-4E73-82F7-EEF868127266}.Debug|Any CPU.Build.0 = Debug|Any CPU
		{3295B594-670A-4E73-82F7-EEF868127266}.Release|Any CPU.ActiveCfg = Release|Any CPU
		{3295B594-670A-4E73-82F7-EEF868127266}.Release|Any CPU.Build.0 = Release|Any CPU
	EndGlobalSection
	GlobalSection(SolutionProperties) = preSolution
		HideSolutionNode = FALSE
	EndGlobalSection
	GlobalSection(ExtensibilityGlobals) = postSolution
		SolutionGuid = {76268602-70B9-465F-8149-6EC52094C292}
	EndGlobalSection
EndGlobal
